
Microsoft Visual Studio Solution File, Format Version 12.00
# Visual Studio Version 16
VisualStudioVersion = 16.0.32002.261
MinimumVisualStudioVersion = 10.0.40219.1
Project("{8BC9CEB8-8B4A-11D0-8D11-00A0C91BC942}") = "CollisionPhysics", "CollisionPhysics.vcxproj", "{FA9FBCCC-C211-4F4B-A621-D0CF3A4DBE37}"
EndProject
Global
	GlobalSection(SolutionConfigurationPlatforms) = preSolution
		Debug|x64 = Debug|x64
		Debug|x86 = Debug|x86
		Release|x64 = Release|x64
		Release|x86 = Release|x86
	EndGlobalSection
	GlobalSection(ProjectConfigurationPlatforms) = postSolution
		{FA9FBCCC-C211-4F4B-A621-D0CF3A4DBE37}.Debug|x64.ActiveCfg = Debug|x64
		{FA9FBCCC-C211-4F4B-A621-D0CF3A4DBE37}.Debug|x64.Build.0 = Debug|x64
		{FA9FBCCC-C211-4F4B-A621-D0CF3A4DBE37}.Debug|x86.ActiveCfg = Debug|Win32
		{FA9FBCCC-C211-4F4B-A621-D0CF3A4DBE37}.Debug|x86.Build.0 = Debug|Win32
		{FA9FBCCC-C211-4F4B-A621-D0CF3A4DBE37}.Release|x64.ActiveCfg = Release|x64
		{FA9FBCCC-C211-4F4B-A621-D0CF3A4DBE37}.Release|x64.Build.0 = Release|x64
		{FA9FBCCC-C211-4F4B-A621-D0CF3A4DBE37}.Release|x86.ActiveCfg = Release|Win32
		{FA9FBCCC-C211-4F4B-A621-D0CF3A4DBE37}.Release|x86.Build.0 = Release|Win32
	EndGlobalSection
	GlobalSection(SolutionProperties) = preSolution
		HideSolutionNode = FALSE
	EndGlobalSection
	GlobalSection(ExtensibilityGlobals) = postSolution
		SolutionGuid = {150094F3-FEF6-4031-ADF6-97FDB4F0B9A2}
	EndGlobalSection
EndGlobal
